# This file is autogenerated, do not edit; changes may be undone by the next 'dep ensure'.


[[projects]]
  branch = "master"
  name = "github.com/shogo82148/go-mecab"
  packages = ["."]
  revision = "d8f46400baf58d6ab5cd2547631d0dea9e2b42d2"

[[projects]]
  branch = "master"
  name = "golang.org/x/net"
  packages = [
    "context",
    "context/ctxhttp"
  ]
  revision = "2fb46b16b8dda405028c50f7c7f0f9dd1fa6bfb1"

[[projects]]
  branch = "master"
  name = "googlemaps.github.io/maps"
  packages = [
    ".",
    "internal"
  ]
  revision = "61301add2e62745d65ac52712e30f68faeabfc8b"

[solve-meta]
  analyzer-name = "dep"
  analyzer-version = 1
  inputs-digest = "22cc7f42371be40147c70131e79c625603490ee847c713f188ebe2125928c36b"
  solver-name = "gps-cdcl"
  solver-version = 1
